# THIS IS AN AUTOGENERATED FILE. DO NOT EDIT THIS FILE DIRECTLY.
# yarn lockfile v1


"@types/audioworklet@^0.0.36":
  version "0.0.36"
  resolved "https://registry.yarnpkg.com/@types/audioworklet/-/audioworklet-0.0.36.tgz#798cebea90500696ebf0f9c79955aab6d4d37380"
  integrity sha512-aEE9vSGLA6fF4g9zp6Y2q2UE6GWMYliksQ3VSkR+5n87GqbbbeFiFRwoIBvN5ojc5i6lkIeHfzzNhMdQVNiWMg==

"@types/emscripten@^1.39.6":
  version "1.39.6"
  resolved "https://registry.yarnpkg.com/@types/emscripten/-/emscripten-1.39.6.tgz#698b90fe60d44acf93c31064218fbea93fbfd85a"
  integrity sha512-H90aoynNhhkQP6DRweEjJp5vfUVdIj7tdPLsu7pq89vODD/lcugKfZOsfgwpvM6XUewEp2N5dCg1Uf3Qe55Dcg==
